{
  "nodes": {
    "agenix": {
      "inputs": {
        "darwin": "darwin",
        "home-manager": "home-manager_2",
        "nixpkgs": [
          "ragenix",
          "nixpkgs"
        ],
        "systems": "systems_4"
      },
      "locked": {
        "lastModified": 1761656077,
        "narHash": "sha256-lsNWuj4Z+pE7s0bd2OKicOFq9bK86JE0ZGeKJbNqb94=",
        "owner": "ryantm",
        "repo": "agenix",
        "rev": "9ba0d85de3eaa7afeab493fed622008b6e4924f5",
        "type": "github"
      },
      "original": {
        "owner": "ryantm",
        "repo": "agenix",
        "type": "github"
      }
    },
    "crane": {
      "locked": {
        "lastModified": 1758758545,
        "narHash": "sha256-NU5WaEdfwF6i8faJ2Yh+jcK9vVFrofLcwlD/mP65JrI=",
        "rev": "95d528a5f54eaba0d12102249ce42f4d01f4e364",
        "revCount": 764,
        "type": "tarball",
        "url": "https://api.flakehub.com/f/pinned/ipetkov/crane/0.21.1/01997e40-19a9-7bc6-9dba-0585d6ed9a98/source.tar.gz"
      },
      "original": {
        "type": "tarball",
        "url": "https://flakehub.com/f/ipetkov/crane/0"
      }
    },
    "crane_2": {
      "locked": {
        "lastModified": 1760924934,
        "narHash": "sha256-tuuqY5aU7cUkR71sO2TraVKK2boYrdW3gCSXUkF4i44=",
        "owner": "ipetkov",
        "repo": "crane",
        "rev": "c6b4d5308293d0d04fcfeee92705017537cad02f",
        "type": "github"
      },
      "original": {
        "owner": "ipetkov",
        "repo": "crane",
        "type": "github"
      }
    },
    "darwin": {
      "inputs": {
        "nixpkgs": [
          "ragenix",
          "agenix",
          "nixpkgs"
        ]
      },
      "locked": {
        "lastModified": 1744478979,
        "narHash": "sha256-dyN+teG9G82G+m+PX/aSAagkC+vUv0SgUw3XkPhQodQ=",
        "owner": "lnl7",
        "repo": "nix-darwin",
        "rev": "43975d782b418ebf4969e9ccba82466728c2851b",
        "type": "github"
      },
      "original": {
        "owner": "lnl7",
        "ref": "master",
        "repo": "nix-darwin",
        "type": "github"
      }
    },
    "determinate": {
      "inputs": {
        "determinate-nixd-aarch64-darwin": "determinate-nixd-aarch64-darwin",
        "determinate-nixd-aarch64-linux": "determinate-nixd-aarch64-linux",
        "determinate-nixd-x86_64-linux": "determinate-nixd-x86_64-linux",
        "nix": "nix",
        "nixpkgs": "nixpkgs_2"
      },
      "locked": {
        "lastModified": 1784594853,
        "narHash": "sha256-2z08u28D2MHNIsDfndq3yzmL1vG6Sn3sKIC77W8s13A=",
        "rev": "73b3bdb962a070aa088ac310e606ff760bcc0cf7",
        "revCount": 429,
        "type": "tarball",
        "url": "https://api.flakehub.com/f/pinned/DeterminateSystems/determinate/3.21.8/019f8227-b1af-7091-908e-aef95c3fd5e0/source.tar.gz"
      },
      "original": {
        "type": "tarball",
        "url": "https://flakehub.com/f/DeterminateSystems/determinate/%2A"
      }
    },
    "determinate-nixd-aarch64-darwin": {
      "flake": false,
      "locked": {
        "narHash": "sha256-k3TvVP0x97ao/aI8+8HRQhC4277gqgGxn1nudH6xe9c=",
        "type": "file",
        "url": "https://install.determinate.systems/determinate-nixd/tag/v3.21.8/macOS"
      },
      "original": {
        "type": "file",
        "url": "https://install.determinate.systems/determinate-nixd/tag/v3.21.8/macOS"
      }
    },
    "determinate-nixd-aarch64-linux": {
      "flake": false,
      "locked": {
        "narHash": "sha256-WHcb+sQEhTjyQqtgrmGknchVP4eMU7X+vSXBveW5M4o=",
        "type": "file",
        "url": "https://install.determinate.systems/determinate-nixd/tag/v3.21.8/aarch64-linux"
      },
      "original": {
        "type": "file",
        "url": "https://install.determinate.systems/determinate-nixd/tag/v3.21.8/aarch64-linux"
      }
    },
    "determinate-nixd-x86_64-linux": {
      "flake": false,
      "locked": {
        "narHash": "sha256-n4yqmhHyGB8s5nGzgweyLCpSAkr/CJC6Kn/wG1guUy0=",
        "type": "file",
        "url": "https://install.determinate.systems/determinate-nixd/tag/v3.21.8/x86_64-linux"
      },
      "original": {
        "type": "file",
        "url": "https://install.determinate.systems/determinate-nixd/tag/v3.21.8/x86_64-linux"
      }
    },
    "fenix": {
      "inputs": {
        "nixpkgs": [
          "fh",
          "nixpkgs"
        ],
        "rust-analyzer-src": "rust-analyzer-src"
      },
      "locked": {
        "lastModified": 1756709111,
        "narHash": "sha256-xv2u5dnQpdWkrIy5TBSomr055odWtRSoECSGBzNpp3w=",
        "rev": "113eba389317407992ea219d5aaced44bf6407f9",
        "revCount": 2375,
        "type": "tarball",
        "url": "https://api.flakehub.com/f/pinned/nix-community/fenix/0.1.2375%2Brev-113eba389317407992ea219d5aaced44bf6407f9/0199045f-8452-723d-b201-deb22d41c75e/source.tar.gz"
      },
      "original": {
        "type": "tarball",
        "url": "https://flakehub.com/f/nix-community/fenix/%3D0.1.2375"
      }
    },
    "fenix_2": {
      "inputs": {
        "nixpkgs": [
          "jj-starship",
          "nixpkgs"
        ],
        "rust-analyzer-src": "rust-analyzer-src_2"
      },
      "locked": {
        "lastModified": 1768113825,
        "narHash": "sha256-f09fAifGPEuRrz1DFY910jexq0DaBuQBbq7WcxQIUgs=",
        "owner": "nix-community",
        "repo": "fenix",
        "rev": "55106e04d905c6a7726d0f6be77ed39a99f66a61",
        "type": "github"
      },
      "original": {
        "owner": "nix-community",
        "repo": "fenix",
        "type": "github"
      }
    },
    "fh": {
      "inputs": {
        "crane": "crane",
        "fenix": "fenix",
        "nixpkgs": "nixpkgs_3"
      },
      "locked": {
        "lastModified": 1761780713,
        "narHash": "sha256-EUCV7/J9wJRroCGW5JqonFJIqcvJEBAwB7l3eWYxiSk=",
        "rev": "4f001f2e1de4776f01cf22d1de815f1016a4c4c9",
        "revCount": 786,
        "type": "tarball",
        "url": "https://api.flakehub.com/f/pinned/DeterminateSystems/fh/0.1.27/019a355b-4c74-769d-a9ad-232df447089d/source.tar.gz"
      },
      "original": {
        "type": "tarball",
        "url": "https://flakehub.com/f/DeterminateSystems/fh/%2A"
      }
    },
    "flake-compat": {
      "flake": false,
      "locked": {
        "lastModified": 1696426674,
        "narHash": "sha256-kvjfFW7WAETZlt09AgDn1MrtKzP7t90Vf7vypd3OL1U=",
        "owner": "edolstra",
        "repo": "flake-compat",
        "rev": "0f9255e01c2351cc7d116c072cb317785dd33b33",
        "type": "github"
      },
      "original": {
        "owner": "edolstra",
        "repo": "flake-compat",
        "type": "github"
      }
    },
    "flake-parts": {
      "inputs": {
        "nixpkgs-lib": [
          "determinate",
          "nix",
          "nixpkgs"
        ]
      },
      "locked": {
        "lastModified": 1748821116,
        "narHash": "sha256-F82+gS044J1APL0n4hH50GYdPRv/5JWm34oCJYmVKdE=",
        "rev": "49f0870db23e8c1ca0b5259734a02cd9e1e371a1",
        "revCount": 377,
        "type": "tarball",
        "url": "https://api.flakehub.com/f/pinned/hercules-ci/flake-parts/0.1.377%2Brev-49f0870db23e8c1ca0b5259734a02cd9e1e371a1/01972f28-554a-73f8-91f4-d488cc502f08/source.tar.gz"
      },
      "original": {
        "type": "tarball",
        "url": "https://flakehub.com/f/hercules-ci/flake-parts/0.1"
      }
    },
    "flake-utils": {
      "inputs": {
        "systems": [
          "jj-starship",
          "systems"
        ]
      },
      "locked": {
        "lastModified": 1731533236,
        "narHash": "sha256-l0KFg5HjrsfsO/JpG+r7fRrqm12kzFHyUHqHCVpMMbI=",
        "owner": "numtide",
        "repo": "flake-utils",
        "rev": "11707dc2f618dd54ca8739b309ec4fc024de578b",
        "type": "github"
      },
      "original": {
        "owner": "numtide",
        "repo": "flake-utils",
        "type": "github"
      }
    },
    "flake-utils_2": {
      "inputs": {
        "systems": "systems_2"
      },
      "locked": {
        "lastModified": 1731533236,
        "narHash": "sha256-l0KFg5HjrsfsO/JpG+r7fRrqm12kzFHyUHqHCVpMMbI=",
        "owner": "numtide",
        "repo": "flake-utils",
        "rev": "11707dc2f618dd54ca8739b309ec4fc024de578b",
        "type": "github"
      },
      "original": {
        "owner": "numtide",
        "repo": "flake-utils",
        "type": "github"
      }
    },
    "flake-utils_3": {
      "inputs": {
        "systems": "systems_5"
      },
      "locked": {
        "lastModified": 1731533236,
        "narHash": "sha256-l0KFg5HjrsfsO/JpG+r7fRrqm12kzFHyUHqHCVpMMbI=",
        "owner": "numtide",
        "repo": "flake-utils",
        "rev": "11707dc2f618dd54ca8739b309ec4fc024de578b",
        "type": "github"
      },
      "original": {
        "owner": "numtide",
        "repo": "flake-utils",
        "type": "github"
      }
    },
    "git-hooks-nix": {
      "inputs": {
        "flake-compat": "flake-compat",
        "gitignore": [
          "determinate",
          "nix"
        ],
        "nixpkgs": [
          "determinate",
          "nix",
          "nixpkgs"
        ]
      },
      "locked": {
        "lastModified": 1747372754,
        "narHash": "sha256-2Y53NGIX2vxfie1rOW0Qb86vjRZ7ngizoo+bnXU9D9k=",
        "rev": "80479b6ec16fefd9c1db3ea13aeb038c60530f46",
        "revCount": 1026,
        "type": "tarball",
        "url": "https://api.flakehub.com/f/pinned/cachix/git-hooks.nix/0.1.1026%2Brev-80479b6ec16fefd9c1db3ea13aeb038c60530f46/0196d79a-1b35-7b8e-a021-c894fb62163d/source.tar.gz"
      },
      "original": {
        "type": "tarball",
        "url": "https://flakehub.com/f/cachix/git-hooks.nix/0.1.941"
      }
    },
    "home-manager": {
      "inputs": {
        "nixpkgs": [
          "nixpkgs"
        ]
      },
      "locked": {
        "lastModified": 1784588016,
        "narHash": "sha256-ouZe80aWEhMLVMkqICFDN+JUw+0FJtCr/bh+hHtRtMg=",
        "owner": "nix-community",
        "repo": "home-manager",
        "rev": "deeb6b7eb7e0c44ae1819c051ce175bd92a85100",
        "type": "github"
      },
      "original": {
        "owner": "nix-community",
        "repo": "home-manager",
        "type": "github"
      }
    },
    "home-manager_2": {
      "inputs": {
        "nixpkgs": [
          "ragenix",
          "agenix",
          "nixpkgs"
        ]
      },
      "locked": {
        "lastModified": 1745494811,
        "narHash": "sha256-YZCh2o9Ua1n9uCvrvi5pRxtuVNml8X2a03qIFfRKpFs=",
        "owner": "nix-community",
        "repo": "home-manager",
        "rev": "abfad3d2958c9e6300a883bd443512c55dfeb1be",
        "type": "github"
      },
      "original": {
        "owner": "nix-community",
        "repo": "home-manager",
        "type": "github"
      }
    },
    "jj-starship": {
      "inputs": {
        "fenix": "fenix_2",
        "flake-utils": "flake-utils",
        "nixpkgs": [
          "nixpkgs"
        ],
        "systems": "systems"
      },
      "locked": {
        "lastModified": 1773754235,
        "narHash": "sha256-icIxTSR4n4f+NkQ5NhTykzyOpFm/nOrXvhF2WTC3c0k=",
        "owner": "lanastara_foss",
        "repo": "starship-jj",
        "rev": "8ca6a95798bad2d3eeabcbac0e9e14bda144ea85",
        "type": "gitlab"
      },
      "original": {
        "owner": "lanastara_foss",
        "repo": "starship-jj",
        "type": "gitlab"
      }
    },
    "marimo-pair": {
      "inputs": {
        "nixpkgs": "nixpkgs_4"
      },
      "locked": {
        "lastModified": 1779340735,
        "narHash": "sha256-TkIU7Me7osPEMVEwFbkT1rANP/xzRpRg3b8t4JTa62o=",
        "owner": "schlich",
        "repo": "marimo-pair",
        "rev": "36b5f4c3ebf046d4d3ae7c5a2d2ecb4ca07d0df7",
        "type": "github"
      },
      "original": {
        "owner": "schlich",
        "repo": "marimo-pair",
        "type": "github"
      }
    },
    "niri": {
      "inputs": {
        "niri-stable": "niri-stable",
        "niri-unstable": "niri-unstable",
        "nixpkgs": [
          "nixpkgs"
        ],
        "nixpkgs-stable": "nixpkgs-stable",
        "xwayland-satellite-stable": "xwayland-satellite-stable",
        "xwayland-satellite-unstable": "xwayland-satellite-unstable"
      },
      "locked": {
        "lastModified": 1784578694,
        "narHash": "sha256-UQtzks2t8ycyki7NCaSsp3Dy7Hcw5iCzPX5txnU5744=",
        "owner": "sodiboo",
        "repo": "niri-flake",
        "rev": "4d9088bdc07d20963be29821d5cf491edd9c8d25",
        "type": "github"
      },
      "original": {
        "owner": "sodiboo",
        "repo": "niri-flake",
        "type": "github"
      }
    },
    "niri-stable": {
      "flake": false,
      "locked": {
        "lastModified": 1756556321,
        "narHash": "sha256-RLD89dfjN0RVO86C/Mot0T7aduCygPGaYbog566F0Qo=",
        "owner": "YaLTeR",
        "repo": "niri",
        "rev": "01be0e65f4eb91a9cd624ac0b76aaeab765c7294",
        "type": "github"
      },
      "original": {
        "owner": "YaLTeR",
        "ref": "v25.08",
        "repo": "niri",
        "type": "github"
      }
    },
    "niri-unstable": {
      "flake": false,
      "locked": {
        "lastModified": 1784570726,
        "narHash": "sha256-9EMn69JBcFWFgUM7f0VBAX+jBby5b9H3M59U75+5yI4=",
        "owner": "YaLTeR",
        "repo": "niri",
        "rev": "7f26c3ee804fb6ed458ef7fb0e3c794f14e0b3bc",
        "type": "github"
      },
      "original": {
        "owner": "YaLTeR",
        "repo": "niri",
        "type": "github"
      }
    },
    "nix": {
      "inputs": {
        "flake-parts": "flake-parts",
        "git-hooks-nix": "git-hooks-nix",
        "nixpkgs": "nixpkgs",
        "nixpkgs-23-11": "nixpkgs-23-11",
        "nixpkgs-regression": "nixpkgs-regression"
      },
      "locked": {
        "lastModified": 1784591579,
        "narHash": "sha256-Ri/OBH1gg42wgC02OuFKBZu68niiRkHyBphK0pxJLfQ=",
        "rev": "979cc556a2d619079b9f8618226e679d58f0901a",
        "revCount": 26280,
        "type": "tarball",
        "url": "https://api.flakehub.com/f/pinned/DeterminateSystems/nix-src/3.21.8/019f821d-c2c8-79a1-824b-8fa3b0dcdc51/source.tar.gz"
      },
      "original": {
        "type": "tarball",
        "url": "https://flakehub.com/f/DeterminateSystems/nix-src/%2A"
      }
    },
    "nixgl": {
      "inputs": {
        "flake-utils": "flake-utils_2",
        "nixpkgs": "nixpkgs_5"
      },
      "locked": {
        "lastModified": 1762090880,
        "narHash": "sha256-fbRQzIGPkjZa83MowjbD2ALaJf9y6KMDdJBQMKFeY/8=",
        "owner": "nix-community",
        "repo": "nixGL",
        "rev": "b6105297e6f0cd041670c3e8628394d4ee247ed5",
        "type": "github"
      },
      "original": {
        "owner": "nix-community",
        "repo": "nixGL",
        "type": "github"
      }
    },
    "nixpkgs": {
      "locked": {
        "lastModified": 1782767157,
        "narHash": "sha256-db/8NgfehQlPNt8rMY0J1gvwzTaURU/foM7y/AQimIM=",
        "rev": "1d4e0f865d68258aada31e68e6d79c8c463f3b34",
        "revCount": 914302,
        "type": "tarball",
        "url": "https://api.flakehub.com/f/pinned/NixOS/nixpkgs/0.2511.914302%2Brev-1d4e0f865d68258aada31e68e6d79c8c463f3b34/019f1c78-b5ab-7af2-8516-c0d5406b0646/source.tar.gz"
      },
      "original": {
        "type": "tarball",
        "url": "https://flakehub.com/f/NixOS/nixpkgs/0.2511"
      }
    },
    "nixpkgs-23-11": {
      "locked": {
        "lastModified": 1717159533,
        "narHash": "sha256-oamiKNfr2MS6yH64rUn99mIZjc45nGJlj9eGth/3Xuw=",
        "owner": "NixOS",
        "repo": "nixpkgs",
        "rev": "a62e6edd6d5e1fa0329b8653c801147986f8d446",
        "type": "github"
      },
      "original": {
        "owner": "NixOS",
        "repo": "nixpkgs",
        "rev": "a62e6edd6d5e1fa0329b8653c801147986f8d446",
        "type": "github"
      }
    },
    "nixpkgs-regression": {
      "locked": {
        "lastModified": 1643052045,
        "narHash": "sha256-uGJ0VXIhWKGXxkeNnq4TvV3CIOkUJ3PAoLZ3HMzNVMw=",
        "owner": "NixOS",
        "repo": "nixpkgs",
        "rev": "215d4d0fd80ca5163643b03a33fde804a29cc1e2",
        "type": "github"
      },
      "original": {
        "owner": "NixOS",
        "repo": "nixpkgs",
        "rev": "215d4d0fd80ca5163643b03a33fde804a29cc1e2",
        "type": "github"
      }
    },
    "nixpkgs-stable": {
      "locked": {
        "lastModified": 1782847189,
        "narHash": "sha256-twXPFqFsrrY5r28Zh7Homgcp2gUMBgQ6WDS98Q/3xFI=",
        "owner": "NixOS",
        "repo": "nixpkgs",
        "rev": "b6018f87da91d19d0ab4cf979885689b469cdd41",
        "type": "github"
      },
      "original": {
        "owner": "NixOS",
        "ref": "nixos-25.11",
        "repo": "nixpkgs",
        "type": "github"
      }
    },
    "nixpkgs_2": {
      "locked": {
        "lastModified": 1783224372,
        "narHash": "sha256-8i/87eeoqiGE4yOTjwSA3Eh/ziJRQEmd/unYU+K27sk=",
        "rev": "d407951447dcd00442e97087bf374aad70c04cea",
        "revCount": 1027867,
        "type": "tarball",
        "url": "https://api.flakehub.com/f/pinned/DeterminateSystems/nixpkgs-weekly/0.1.1027867%2Brev-d407951447dcd00442e97087bf374aad70c04cea/019f5f44-877c-7d13-9197-5add91357247/source.tar.gz"
      },
      "original": {
        "type": "tarball",
        "url": "https://flakehub.com/f/DeterminateSystems/nixpkgs-weekly/0.1"
      }
    },
    "nixpkgs_3": {
      "locked": {
        "lastModified": 1761468971,
        "narHash": "sha256-vY2OLVg5ZTobdroQKQQSipSIkHlxOTrIF1fsMzPh8w8=",
        "rev": "78e34d1667d32d8a0ffc3eba4591ff256e80576e",
        "revCount": 811770,
        "type": "tarball",
        "url": "https://api.flakehub.com/f/pinned/NixOS/nixpkgs/0.2505.811770%2Brev-78e34d1667d32d8a0ffc3eba4591ff256e80576e/019a23fb-89f0-7302-a573-f6bf7dde9cf5/source.tar.gz"
      },
      "original": {
        "type": "tarball",
        "url": "https://flakehub.com/f/NixOS/nixpkgs/0"
      }
    },
    "nixpkgs_4": {
      "locked": {
        "lastModified": 1778869304,
        "narHash": "sha256-30sZNZoA1cqF5JNO9fVX+wgiQYjB7HJqqJ4ztCDeBZE=",
        "owner": "NixOS",
        "repo": "nixpkgs",
        "rev": "d233902339c02a9c334e7e593de68855ad26c4cb",
        "type": "github"
      },
      "original": {
        "owner": "NixOS",
        "ref": "nixos-unstable",
        "repo": "nixpkgs",
        "type": "github"
      }
    },
    "nixpkgs_5": {
      "locked": {
        "lastModified": 1746378225,
        "narHash": "sha256-OeRSuL8PUjIfL3Q0fTbNJD/fmv1R+K2JAOqWJd3Oceg=",
        "owner": "nixos",
        "repo": "nixpkgs",
        "rev": "93e8cdce7afc64297cfec447c311470788131cd9",
        "type": "github"
      },
      "original": {
        "owner": "nixos",
        "repo": "nixpkgs",
        "type": "github"
      }
    },
    "nixpkgs_6": {
      "locked": {
        "lastModified": 1784497964,
        "narHash": "sha256-vlHUuqAcbcH2RKmHbPiuQzbv1pnzzavXnI62RD0bqCU=",
        "rev": "241313f4e8e508cb9b13278c2b0fa25b9ca27163",
        "revCount": 1037713,
        "type": "tarball",
        "url": "https://api.flakehub.com/f/pinned/NixOS/nixpkgs/0.1.1037713%2Brev-241313f4e8e508cb9b13278c2b0fa25b9ca27163/019f7ea2-cc7f-76e3-b0ff-0fefb2384cde/source.tar.gz"
      },
      "original": {
        "type": "tarball",
        "url": "https://flakehub.com/f/NixOS/nixpkgs/0.1"
      }
    },
    "nixpkgs_7": {
      "locked": {
        "lastModified": 1783224372,
        "narHash": "sha256-8i/87eeoqiGE4yOTjwSA3Eh/ziJRQEmd/unYU+K27sk=",
        "rev": "d407951447dcd00442e97087bf374aad70c04cea",
        "revCount": 1027867,
        "type": "tarball",
        "url": "https://api.flakehub.com/f/pinned/NixOS/nixpkgs/0.1.1027867%2Brev-d407951447dcd00442e97087bf374aad70c04cea/019f32d6-f801-7201-b6cb-59773d7eec95/source.tar.gz"
      },
      "original": {
        "type": "tarball",
        "url": "https://flakehub.com/f/NixOS/nixpkgs/0.1.%2A.tar.gz"
      }
    },
    "noctalia": {
      "inputs": {
        "nixpkgs": [
          "nixpkgs"
        ]
      },
      "locked": {
        "lastModified": 1784663899,
        "narHash": "sha256-6gaQAt5SRdcpn1+MPNlbAit04/aQlQk+skBuS+I+dHc=",
        "owner": "noctalia-dev",
        "repo": "noctalia-shell",
        "rev": "5bec926eef1337d54e87134b917dab0633d71c0a",
        "type": "github"
      },
      "original": {
        "owner": "noctalia-dev",
        "repo": "noctalia-shell",
        "type": "github"
      }
    },
    "nuenv": {
      "inputs": {
        "nixpkgs": "nixpkgs_7",
        "systems": "systems_3"
      },
      "locked": {
        "lastModified": 1783389156,
        "narHash": "sha256-5UnCFIayPRg5hU/Gp0aiNvN/YerO3hzizBWbmQVoI40=",
        "rev": "ba517a66dc4e8322855617262c3972892190908b",
        "revCount": 217,
        "type": "tarball",
        "url": "https://api.flakehub.com/f/pinned/xav-ie/nuenv/1.3.0/019f3a47-c23b-7be0-b28d-a65a617519f4/source.tar.gz"
      },
      "original": {
        "type": "tarball",
        "url": "https://flakehub.com/f/xav-ie/nuenv/%2A.tar.gz"
      }
    },
    "ragenix": {
      "inputs": {
        "agenix": "agenix",
        "crane": "crane_2",
        "flake-utils": "flake-utils_3",
        "nixpkgs": [
          "nixpkgs"
        ],
        "rust-overlay": "rust-overlay"
      },
      "locked": {
        "lastModified": 1761832913,
        "narHash": "sha256-VCNVjjuRvrKPiYYwqhE3BAKIaReiKXGpxGp27lZ0MFM=",
        "owner": "yaxitech",
        "repo": "ragenix",
        "rev": "83bccfdea758241999f32869fb6b36f7ac72f1ac",
        "type": "github"
      },
      "original": {
        "owner": "yaxitech",
        "repo": "ragenix",
        "type": "github"
      }
    },
    "root": {
      "inputs": {
        "determinate": "determinate",
        "fh": "fh",
        "home-manager": "home-manager",
        "jj-starship": "jj-starship",
        "marimo-pair": "marimo-pair",
        "niri": "niri",
        "nixgl": "nixgl",
        "nixpkgs": "nixpkgs_6",
        "noctalia": "noctalia",
        "nuenv": "nuenv",
        "ragenix": "ragenix"
      }
    },
    "rust-analyzer-src": {
      "flake": false,
      "locked": {
        "lastModified": 1756597274,
        "narHash": "sha256-wfaKRKsEVQDB7pQtAt04vRgFphkVscGRpSx3wG1l50E=",
        "owner": "rust-lang",
        "repo": "rust-analyzer",
        "rev": "21614ed2d3279a9aa1f15c88d293e65a98991b30",
        "type": "github"
      },
      "original": {
        "owner": "rust-lang",
        "ref": "nightly",
        "repo": "rust-analyzer",
        "type": "github"
      }
    },
    "rust-analyzer-src_2": {
      "flake": false,
      "locked": {
        "lastModified": 1768083390,
        "narHash": "sha256-TGWPJq2mXwxfAe83iZ18DIqXC4sOSj7RkW9b59h6Ox4=",
        "owner": "rust-lang",
        "repo": "rust-analyzer",
        "rev": "e42e8ff582ba12a88b6845525d08b6428e6d0fb9",
        "type": "github"
      },
      "original": {
        "owner": "rust-lang",
        "ref": "nightly",
        "repo": "rust-analyzer",
        "type": "github"
      }
    },
    "rust-overlay": {
      "inputs": {
        "nixpkgs": [
          "ragenix",
          "nixpkgs"
        ]
      },
      "locked": {
        "lastModified": 1761791894,
        "narHash": "sha256-myRIDh+PxaREz+z9LzbqBJF+SnTFJwkthKDX9zMyddY=",
        "owner": "oxalica",
        "repo": "rust-overlay",
        "rev": "59c45eb69d9222a4362673141e00ff77842cd219",
        "type": "github"
      },
      "original": {
        "owner": "oxalica",
        "repo": "rust-overlay",
        "type": "github"
      }
    },
    "systems": {
      "locked": {
        "lastModified": 1681028828,
        "narHash": "sha256-Vy1rq5AaRuLzOxct8nz4T6wlgyUR7zLU309k9mBC768=",
        "owner": "nix-systems",
        "repo": "default",
        "rev": "da67096a3b9bf56a91d16901293e51ba5b49a27e",
        "type": "github"
      },
      "original": {
        "owner": "nix-systems",
        "repo": "default",
        "type": "github"
      }
    },
    "systems_2": {
      "locked": {
        "lastModified": 1681028828,
        "narHash": "sha256-Vy1rq5AaRuLzOxct8nz4T6wlgyUR7zLU309k9mBC768=",
        "owner": "nix-systems",
        "repo": "default",
        "rev": "da67096a3b9bf56a91d16901293e51ba5b49a27e",
        "type": "github"
      },
      "original": {
        "owner": "nix-systems",
        "repo": "default",
        "type": "github"
      }
    },
    "systems_3": {
      "locked": {
        "lastModified": 1681028828,
        "narHash": "sha256-Vy1rq5AaRuLzOxct8nz4T6wlgyUR7zLU309k9mBC768=",
        "owner": "nix-systems",
        "repo": "default",
        "rev": "da67096a3b9bf56a91d16901293e51ba5b49a27e",
        "type": "github"
      },
      "original": {
        "owner": "nix-systems",
        "repo": "default",
        "type": "github"
      }
    },
    "systems_4": {
      "locked": {
        "lastModified": 1681028828,
        "narHash": "sha256-Vy1rq5AaRuLzOxct8nz4T6wlgyUR7zLU309k9mBC768=",
        "owner": "nix-systems",
        "repo": "default",
        "rev": "da67096a3b9bf56a91d16901293e51ba5b49a27e",
        "type": "github"
      },
      "original": {
        "owner": "nix-systems",
        "repo": "default",
        "type": "github"
      }
    },
    "systems_5": {
      "locked": {
        "lastModified": 1681028828,
        "narHash": "sha256-Vy1rq5AaRuLzOxct8nz4T6wlgyUR7zLU309k9mBC768=",
        "owner": "nix-systems",
        "repo": "default",
        "rev": "da67096a3b9bf56a91d16901293e51ba5b49a27e",
        "type": "github"
      },
      "original": {
        "owner": "nix-systems",
        "repo": "default",
        "type": "github"
      }
    },
    "xwayland-satellite-stable": {
      "flake": false,
      "locked": {
        "lastModified": 1755491097,
        "narHash": "sha256-m+9tUfsmBeF2Gn4HWa6vSITZ4Gz1eA1F5Kh62B0N4oE=",
        "owner": "Supreeeme",
        "repo": "xwayland-satellite",
        "rev": "388d291e82ffbc73be18169d39470f340707edaa",
        "type": "github"
      },
      "original": {
        "owner": "Supreeeme",
        "ref": "v0.7",
        "repo": "xwayland-satellite",
        "type": "github"
      }
    },
    "xwayland-satellite-unstable": {
      "flake": false,
      "locked": {
        "lastModified": 1783895132,
        "narHash": "sha256-Dl0Gvrig3EpE962hzF3ETPhUztlfuRhcmlpd8ioHN54=",
        "owner": "Supreeeme",
        "repo": "xwayland-satellite",
        "rev": "a2b5c635d8c8c99b286967658d0d177044887eb8",
        "type": "github"
      },
      "original": {
        "owner": "Supreeeme",
        "repo": "xwayland-satellite",
        "type": "github"
      }
    }
  },
  "root": "root",
  "version": 7
}
