{
  "nodes": {
    "crane": {
      "locked": {
        "lastModified": 1788465171,
        "narHash": "sha256-Y1/TTVXjYXGF068IThQH9fPSZ0SIE74PABlUxnWTUH0=",
        "owner": "ipetkov",
        "repo": "crane",
        "rev": "eb35abda9f232cc6610b1d1e3200d15c49b7ac54",
        "type": "github"
      },
      "original": {
        "owner": "ipetkov",
        "repo": "crane",
        "type": "github"
      }
    },
    "nixpkgs": {
      "locked": {
        "lastModified": 1786384358,
        "narHash": "sha256-RzPPiWeUtuvymnpuEWsdtzli5w4kjZs49FqEs3/1u+I=",
        "rev": "2fcb964de67fcf60b43471c55d5d99e61a9ccb5a",
        "revCount": 1051473,
        "type": "tarball",
        "url": "https://api.flakehub.com/f/pinned/NixOS/nixpkgs/0.1.1051473%2Brev-2fcb964de67fcf60b43471c55d5d99e61a9ccb5a/019ff1b5-fc72-72f2-a0fb-90ff59cb07e0/source.tar.gz"
      },
      "original": {
        "type": "tarball",
        "url": "https://flakehub.com/f/NixOS/nixpkgs/0.1"
      }
    },
    "nu-batteries-src": {
      "flake": false,
      "locked": {
        "lastModified": 1760054757,
        "narHash": "sha256-pFKGR1QDKuLc8F53H5hQjP/+NeYPJpIu/MGCSjS3iLk=",
        "owner": "nome",
        "repo": "nu-batteries",
        "rev": "187797585d9f4dd6a2b696d0572eb2b2f2aacd23",
        "type": "github"
      },
      "original": {
        "owner": "nome",
        "repo": "nu-batteries",
        "type": "github"
      }
    },
    "nushellWith": {
      "inputs": {
        "crane": "crane",
        "nixpkgs": [
          "nixpkgs"
        ],
        "nu-batteries-src": "nu-batteries-src"
      },
      "locked": {
        "lastModified": 1789444948,
        "narHash": "sha256-keG6AQFyLeFaBbpt7wKu+v3+swkmKB1i9rJAYonOkrg=",
        "owner": "YPares",
        "repo": "nushellWith",
        "rev": "3d5cadfeb338b2260734c910b90231a6d78728aa",
        "type": "github"
      },
      "original": {
        "owner": "YPares",
        "ref": "master",
        "repo": "nushellWith",
        "type": "github"
      }
    },
    "root": {
      "inputs": {
        "nixpkgs": "nixpkgs",
        "nushellWith": "nushellWith"
      }
    }
  },
  "root": "root",
  "version": 7
}
